PODS:
  - Factory (1.2.8)
  - Firebase/CoreOnly (9.5.0):
    - FirebaseCore (= 9.5.0)
  - Firebase/Crashlytics (9.5.0):
    - Firebase/CoreOnly
    - FirebaseCrashlytics (~> 9.5.0)
  - FirebaseCore (9.5.0):
    - FirebaseCoreDiagnostics (~> 9.0)
    - FirebaseCoreInternal (~> 9.0)
    - GoogleUtilities/Environment (~> 7.7)
    - GoogleUtilities/Logger (~> 7.7)
  - FirebaseCoreDiagnostics (9.5.0):
    - GoogleDataTransport (< 10.0.0, >= 9.1.4)
    - GoogleUtilities/Environment (~> 7.7)
    - GoogleUtilities/Logger (~> 7.7)
    - nanopb (< 2.30910.0, >= 2.30908.0)
  - FirebaseCoreInternal (9.5.0):
    - "GoogleUtilities/NSData+zlib (~> 7.7)"
  - FirebaseCrashlytics (9.5.0):
    - FirebaseCore (~> 9.0)
    - FirebaseInstallations (~> 9.0)
    - GoogleDataTransport (< 10.0.0, >= 9.1.4)
    - GoogleUtilities/Environment (~> 7.7)
    - nanopb (< 2.30910.0, >= 2.30908.0)
    - PromisesObjC (~> 2.1)
  - FirebaseInstallations (9.5.0):
    - FirebaseCore (~> 9.0)
    - GoogleUtilities/Environment (~> 7.7)
    - GoogleUtilities/UserDefaults (~> 7.7)
    - PromisesObjC (~> 2.1)
  - FlowStacks (0.2.5)
  - GoogleDataTransport (9.2.0):
    - GoogleUtilities/Environment (~> 7.7)
    - nanopb (< 2.30910.0, >= 2.30908.0)
    - PromisesObjC (< 3.0, >= 1.2)
  - GoogleUtilities/Environment (7.7.0):
    - PromisesObjC (< 3.0, >= 1.2)
  - GoogleUtilities/Logger (7.7.0):
    - GoogleUtilities/Environment
  - "GoogleUtilities/NSData+zlib (7.7.0)"
  - GoogleUtilities/UserDefaults (7.7.0):
    - GoogleUtilities/Logger
  - IQKeyboardManagerSwift (6.5.10)
  - KeychainAccess (4.2.2)
  - Kingfisher (7.3.2)
  - KMPNativeCoroutinesCombine (0.12.6):
    - KMPNativeCoroutinesCore (= 0.12.6)
  - KMPNativeCoroutinesCore (0.12.6)
  - nanopb (2.30909.0):
    - nanopb/decode (= 2.30909.0)
    - nanopb/encode (= 2.30909.0)
  - nanopb/decode (2.30909.0)
  - nanopb/encode (2.30909.0)
  - Nimble (10.0.0)
  - PromisesObjC (2.1.1)
  - Quick (5.0.1)
  - R.swift (6.1.0):
    - R.swift.Library (~> 5.3.0)
  - R.swift.Library (5.3.0)
  - Shared (1.0)
  - Sourcery (1.8.2):
    - Sourcery/CLI-Only (= 1.8.2)
  - Sourcery/CLI-Only (1.8.2)
  - SwiftFormat/CLI (0.49.17)
  - SwiftLint (0.48.0)

DEPENDENCIES:
  - Factory
  - Firebase/Crashlytics
  - FlowStacks
  - IQKeyboardManagerSwift
  - KeychainAccess
  - Kingfisher
  - KMPNativeCoroutinesCombine (= 0.12.6)
  - Nimble
  - Quick
  - R.swift
  - Shared (from `../shared`)
  - Sourcery
  - SwiftFormat/CLI
  - SwiftLint

SPEC REPOS:
  trunk:
    - Factory
    - Firebase
    - FirebaseCore
    - FirebaseCoreDiagnostics
    - FirebaseCoreInternal
    - FirebaseCrashlytics
    - FirebaseInstallations
    - FlowStacks
    - GoogleDataTransport
    - GoogleUtilities
    - IQKeyboardManagerSwift
    - KeychainAccess
    - Kingfisher
    - KMPNativeCoroutinesCombine
    - KMPNativeCoroutinesCore
    - nanopb
    - Nimble
    - PromisesObjC
    - Quick
    - R.swift
    - R.swift.Library
    - Sourcery
    - SwiftFormat
    - SwiftLint

EXTERNAL SOURCES:
  Shared:
    :path: "../shared"

SPEC CHECKSUMS:
  Factory: 7bffa5f381d923eabeb750fc8f7920a4bc443220
  Firebase: 800f16f07af493d98d017446a315c27af0552f41
  FirebaseCore: 25c0400b670fd1e2f2104349cd3b5dcce8d9418f
  FirebaseCoreDiagnostics: 17cbf4e72b1dbd64bfdc33d4b1f07bce4f16f1d8
  FirebaseCoreInternal: 50a8e39cae8abf72d5145d07ea34c3244f70862b
  FirebaseCrashlytics: d20fa38bb8c88cb0f1c9211286bc23ab58c1b464
  FirebaseInstallations: 41f811b530c41dd90973d0174381cdb3fcb5e839
  FlowStacks: a8f2c03581f41c4206c8444843a659c8a1897604
  GoogleDataTransport: 1c8145da7117bd68bbbed00cf304edb6a24de00f
  GoogleUtilities: e0913149f6b0625b553d70dae12b49fc62914fd1
  IQKeyboardManagerSwift: 52962c76ab33532f15ad9f3ff4e5715eda5335bb
  KeychainAccess: c0c4f7f38f6fc7bbe58f5702e25f7bd2f65abf51
  Kingfisher: 0086ad83719761ba9b2cdaf6ef4d5b4878cbae23
  KMPNativeCoroutinesCombine: 9c82dee7ba35c6acff4b35a9757bfecae8b335fd
  KMPNativeCoroutinesCore: 35da0312355f0e911cbb16923aea3389894affca
  nanopb: b552cce312b6c8484180ef47159bc0f65a1f0431
  Nimble: 5316ef81a170ce87baf72dd961f22f89a602ff84
  PromisesObjC: ab77feca74fa2823e7af4249b8326368e61014cb
  Quick: 749aa754fd1e7d984f2000fe051e18a3a9809179
  R.swift: ec98ff71c4ab2f6fd01dd077e5afd15e63a4834c
  R.swift.Library: 0fc583cb55a99e28901299cc451614cad1161962
  Shared: 3b057278ed1516767bfd51d2f8286a2b8920cbca
  Sourcery: ad4aba88367fbaf0c1ae6ec4ba3282db1b571624
  SwiftFormat: 64ac3f15bbfc3c830103a17340bcc5b60d9a3acd
  SwiftLint: 284cea64b6187c5d6bd83e9a548a64104d546447

PODFILE CHECKSUM: 81eee5299be0e32eb4109f593a9ca7f36333a80d

COCOAPODS: 1.11.3
